{
  "name": "@dukebot/astro-html-validator",
  "version": "1.1.1",
  "lockfileVersion": 3,
  "requires": true,
  "packages": {
    "": {
      "name": "@dukebot/astro-html-validator",
      "version": "1.1.1",
      "license": "MIT",
      "bin": {
        "astro-html-validator": "bin/cli.mjs"
      },
      "engines": {
        "node": ">=18"
      }
    }
  }
}
